
Microsoft Visual Studio Solution File, Format Version 12.00
# Visual Studio 15
VisualStudioVersion = 15.0.26730.15
MinimumVisualStudioVersion = 10.0.40219.1
Project("{FAE04EC0-301F-11D3-BF4B-00C04F79EFBC}") = "DragDrop", "DragDrop\DragDrop.csproj", "{FDC55B20-CA9F-4D2E-929B-59AC32B638EF}"
EndProject
Global
	GlobalSection(SolutionConfigurationPlatforms) = preSolution
		Debug|Any CPU = Debug|Any CPU
		Release|Any CPU = Release|Any CPU
	EndGlobalSection
	GlobalSection(ProjectConfigurationPlatforms) = postSolution
		{FDC55B20-CA9F-4D2E-929B-59AC32B638EF}.Debug|Any CPU.ActiveCfg = Debug|Any CPU
		{FDC55B20-CA9F-4D2E-929B-59AC32B638EF}.Debug|Any CPU.Build.0 = Debug|Any CPU
		{FDC55B20-CA9F-4D2E-929B-59AC32B638EF}.Release|Any CPU.ActiveCfg = Release|Any CPU
		{FDC55B20-CA9F-4D2E-929B-59AC32B638EF}.Release|Any CPU.Build.0 = Release|Any CPU
	EndGlobalSection
	GlobalSection(SolutionProperties) = preSolution
		HideSolutionNode = FALSE
	EndGlobalSection
	GlobalSection(ExtensibilityGlobals) = postSolution
		SolutionGuid = {6CEDD3D2-4FFC-475C-918D-04167E3B276F}
	EndGlobalSection
EndGlobal
